
Microsoft Visual Studio Solution File, Format Version 12.00
# Visual Studio Version 16
VisualStudioVersion = 16.0.30711.63
MinimumVisualStudioVersion = 10.0.40219.1
Project("{9A19103F-16F7-4668-BE54-9A1E7A4F7556}") = "CoinTree.Api", "CoinTree.Api\CoinTree.Api.csproj", "{D7E8FF51-124A-4429-9D25-F0B08EAF6BFF}"
EndProject
Project("{9A19103F-16F7-4668-BE54-9A1E7A4F7556}") = "CoinTree.Api.Unit.Tests", "CoinTree.Api.Unit.Tests\CoinTree.Api.Unit.Tests\CoinTree.Api.Unit.Tests.csproj", "{BD993C92-A018-4AB1-AA9E-6E6118ED9905}"
EndProject
Project("{2150E333-8FDC-42A3-9474-1A3956D46DE8}") = "Solution Items", "Solution Items", "{E87C708A-AD45-4F66-80F3-4BAE9DB0E55D}"
	ProjectSection(SolutionItems) = preProject
		.editorconfig = .editorconfig
	EndProjectSection
EndProject
Global
	GlobalSection(SolutionConfigurationPlatforms) = preSolution
		Debug|Any CPU = Debug|Any CPU
		Release|Any CPU = Release|Any CPU
	EndGlobalSection
	GlobalSection(ProjectConfigurationPlatforms) = postSolution
		{D7E8FF51-124A-4429-9D25-F0B08EAF6BFF}.Debug|Any CPU.ActiveCfg = Debug|Any CPU
		{D7E8FF51-124A-4429-9D25-F0B08EAF6BFF}.Debug|Any CPU.Build.0 = Debug|Any CPU
		{D7E8FF51-124A-4429-9D25-F0B08EAF6BFF}.Release|Any CPU.ActiveCfg = Release|Any CPU
		{D7E8FF51-124A-4429-9D25-F0B08EAF6BFF}.Release|Any CPU.Build.0 = Release|Any CPU
		{BD993C92-A018-4AB1-AA9E-6E6118ED9905}.Debug|Any CPU.ActiveCfg = Debug|Any CPU
		{BD993C92-A018-4AB1-AA9E-6E6118ED9905}.Debug|Any CPU.Build.0 = Debug|Any CPU
		{BD993C92-A018-4AB1-AA9E-6E6118ED9905}.Release|Any CPU.ActiveCfg = Release|Any CPU
		{BD993C92-A018-4AB1-AA9E-6E6118ED9905}.Release|Any CPU.Build.0 = Release|Any CPU
	EndGlobalSection
	GlobalSection(SolutionProperties) = preSolution
		HideSolutionNode = FALSE
	EndGlobalSection
	GlobalSection(ExtensibilityGlobals) = postSolution
		SolutionGuid = {4252ED16-5820-4FF4-A20B-C3F93D586FFF}
	EndGlobalSection
EndGlobal
